
Microsoft Visual Studio Solution File, Format Version 12.00
# Visual Studio 15
VisualStudioVersion = 15.0.28010.2041
MinimumVisualStudioVersion = 10.0.40219.1
Project("{9A19103F-16F7-4668-BE54-9A1E7A4F7556}") = "csharp", "csharp\csharp.csproj", "{CA3E3911-29E0-4776-A4DC-EC6FF84E7A87}"
	ProjectSection(ProjectDependencies) = postProject
		{9394A500-42DA-4C0E-AC45-C15B2D17BDA1} = {9394A500-42DA-4C0E-AC45-C15B2D17BDA1}
	EndProjectSection
EndProject
Project("{8BC9CEB8-8B4A-11D0-8D11-00A0C91BC942}") = "cuda", "cuda\cuda.vcxproj", "{9394A500-42DA-4C0E-AC45-C15B2D17BDA1}"
EndProject
Global
	GlobalSection(SolutionConfigurationPlatforms) = preSolution
		Debug|Any CPU = Debug|Any CPU
		Debug|x64 = Debug|x64
		Debug|x86 = Debug|x86
		Release|Any CPU = Release|Any CPU
		Release|x64 = Release|x64
		Release|x86 = Release|x86
	EndGlobalSection
	GlobalSection(ProjectConfigurationPlatforms) = postSolution
		{CA3E3911-29E0-4776-A4DC-EC6FF84E7A87}.Debug|Any CPU.ActiveCfg = Debug|Any CPU
		{CA3E3911-29E0-4776-A4DC-EC6FF84E7A87}.Debug|Any CPU.Build.0 = Debug|Any CPU
		{CA3E3911-29E0-4776-A4DC-EC6FF84E7A87}.Debug|x64.ActiveCfg = Debug|Any CPU
		{CA3E3911-29E0-4776-A4DC-EC6FF84E7A87}.Debug|x64.Build.0 = Debug|Any CPU
		{CA3E3911-29E0-4776-A4DC-EC6FF84E7A87}.Debug|x86.ActiveCfg = Debug|Any CPU
		{CA3E3911-29E0-4776-A4DC-EC6FF84E7A87}.Debug|x86.Build.0 = Debug|Any CPU
		{CA3E3911-29E0-4776-A4DC-EC6FF84E7A87}.Release|Any CPU.ActiveCfg = Release|Any CPU
		{CA3E3911-29E0-4776-A4DC-EC6FF84E7A87}.Release|Any CPU.Build.0 = Release|Any CPU
		{CA3E3911-29E0-4776-A4DC-EC6FF84E7A87}.Release|x64.ActiveCfg = Release|Any CPU
		{CA3E3911-29E0-4776-A4DC-EC6FF84E7A87}.Release|x64.Build.0 = Release|Any CPU
		{CA3E3911-29E0-4776-A4DC-EC6FF84E7A87}.Release|x86.ActiveCfg = Release|Any CPU
		{CA3E3911-29E0-4776-A4DC-EC6FF84E7A87}.Release|x86.Build.0 = Release|Any CPU
		{9394A500-42DA-4C0E-AC45-C15B2D17BDA1}.Debug|Any CPU.ActiveCfg = Debug|x64
		{9394A500-42DA-4C0E-AC45-C15B2D17BDA1}.Debug|Any CPU.Build.0 = Debug|x64
		{9394A500-42DA-4C0E-AC45-C15B2D17BDA1}.Debug|x64.ActiveCfg = Debug|x64
		{9394A500-42DA-4C0E-AC45-C15B2D17BDA1}.Debug|x64.Build.0 = Debug|x64
		{9394A500-42DA-4C0E-AC45-C15B2D17BDA1}.Debug|x86.ActiveCfg = Debug|Win32
		{9394A500-42DA-4C0E-AC45-C15B2D17BDA1}.Debug|x86.Build.0 = Debug|Win32
		{9394A500-42DA-4C0E-AC45-C15B2D17BDA1}.Release|Any CPU.ActiveCfg = Release|Win32
		{9394A500-42DA-4C0E-AC45-C15B2D17BDA1}.Release|x64.ActiveCfg = Release|x64
		{9394A500-42DA-4C0E-AC45-C15B2D17BDA1}.Release|x64.Build.0 = Release|x64
		{9394A500-42DA-4C0E-AC45-C15B2D17BDA1}.Release|x86.ActiveCfg = Release|Win32
		{9394A500-42DA-4C0E-AC45-C15B2D17BDA1}.Release|x86.Build.0 = Release|Win32
	EndGlobalSection
	GlobalSection(SolutionProperties) = preSolution
		HideSolutionNode = FALSE
	EndGlobalSection
	GlobalSection(ExtensibilityGlobals) = postSolution
		HideSolutionNode = FALSE
	EndGlobalSection
EndGlobal
